// !$*UTF8*$!
{
	archiveVersion = 1;
	classes = {
	};
	objectVersion = 46;
	objects = {

/* Begin PBXBuildFile section */
		340531CF19CBE4EA00408C1B /* main.m in Sources */ = {isa = PBXBuildFile; fileRef = 340531CE19CBE4EA00408C1B /* main.m */; };
		340531D219CBE4EA00408C1B /* AppDelegate.m in Sources */ = {isa = PBXBuildFile; fileRef = 340531D119CBE4EA00408C1B /* AppDelegate.m */; };
		340531D519CBE4EA00408C1B /* ViewController.m in Sources */ = {isa = PBXBuildFile; fileRef = 340531D419CBE4EA00408C1B /* ViewController.m */; };
		340531D819CBE4EA00408C1B /* Main.storyboard in Resources */ = {isa = PBXBuildFile; fileRef = 340531D619CBE4EA00408C1B /* Main.storyboard */; };
		340531DA19CBE4EA00408C1B /* Images.xcassets in Resources */ = {isa = PBXBuildFile; fileRef = 340531D919CBE4EA00408C1B /* Images.xcassets */; };
		340531DD19CBE4EA00408C1B /* LaunchScreen.xib in Resources */ = {isa = PBXBuildFile; fileRef = 340531DB19CBE4EA00408C1B /* LaunchScreen.xib */; };
		340531E919CBE4EA00408C1B /* HodorBoardAppTests.m in Sources */ = {isa = PBXBuildFile; fileRef = 340531E819CBE4EA00408C1B /* HodorBoardAppTests.m */; };
		340531FC19CBE4FE00408C1B /* KeyboardViewController.m in Sources */ = {isa = PBXBuildFile; fileRef = 340531FB19CBE4FE00408C1B /* KeyboardViewController.m */; };
		340531FF19CBE4FE00408C1B /* HodorBoard.appex in Embed App Extensions */ = {isa = PBXBuildFile; fileRef = 340531F619CBE4FE00408C1B /* HodorBoard.appex */; settings = {ATTRIBUTES = (RemoveHeadersOnCopy, ); }; };
		34EEB2CA19CCAAF30043E622 /* UIColor+MASystemColors.m in Sources */ = {isa = PBXBuildFile; fileRef = 34EEB2C819CCA98A0043E622 /* UIColor+MASystemColors.m */; };
		34EEB2CE19CCAF900043E622 /* Images.xcassets in Resources */ = {isa = PBXBuildFile; fileRef = 34EEB2CD19CCAF900043E622 /* Images.xcassets */; };
/* End PBXBuildFile section */

/* Begin PBXContainerItemProxy section */
		340531E319CBE4EA00408C1B /* PBXContainerItemProxy */ = {
			isa = PBXContainerItemProxy;
			containerPortal = 340531C119CBE4EA00408C1B /* Project object */;
			proxyType = 1;
			remoteGlobalIDString = 340531C819CBE4EA00408C1B;
			remoteInfo = HodorBoardApp;
		};
		340531FD19CBE4FE00408C1B /* PBXContainerItemProxy */ = {
			isa = PBXContainerItemProxy;
			containerPortal = 340531C119CBE4EA00408C1B /* Project object */;
			proxyType = 1;
			remoteGlobalIDString = 340531F519CBE4FE00408C1B;
			remoteInfo = HodorBoard;
		};
		3405320019CBE4FE00408C1B /* PBXContainerItemProxy */ = {
			isa = PBXContainerItemProxy;
			containerPortal = 340531C119CBE4EA00408C1B /* Project object */;
			proxyType = 1;
			remoteGlobalIDString = 340531F519CBE4FE00408C1B;
			remoteInfo = HodorBoard;
		};
/* End PBXContainerItemProxy section */

/* Begin PBXCopyFilesBuildPhase section */
		3405320519CBE4FE00408C1B /* Embed App Extensions */ = {
			isa = PBXCopyFilesBuildPhase;
			buildActionMask = 2147483647;
			dstPath = "";
			dstSubfolderSpec = 13;
			files = (
				340531FF19CBE4FE00408C1B /* HodorBoard.appex in Embed App Extensions */,
			);
			name = "Embed App Extensions";
			runOnlyForDeploymentPostprocessing = 0;
		};
/* End PBXCopyFilesBuildPhase section */

/* Begin PBXFileReference section */
		340531C919CBE4EA00408C1B /* HodorBoardApp.app */ = {isa = PBXFileReference; explicitFileType = wrapper.application; includeInIndex = 0; path = HodorBoardApp.app; sourceTree = BUILT_PRODUCTS_DIR; };
		340531CD19CBE4EA00408C1B /* Info.plist */ = {isa = PBXFileReference; lastKnownFileType = text.plist.xml; path = Info.plist; sourceTree = "<group>"; };
		340531CE19CBE4EA00408C1B /* main.m */ = {isa = PBXFileReference; lastKnownFileType = sourcecode.c.objc; path = main.m; sourceTree = "<group>"; };
		340531D019CBE4EA00408C1B /* AppDelegate.h */ = {isa = PBXFileReference; lastKnownFileType = sourcecode.c.h; path = AppDelegate.h; sourceTree = "<group>"; };
		340531D119CBE4EA00408C1B /* AppDelegate.m */ = {isa = PBXFileReference; lastKnownFileType = sourcecode.c.objc; path = AppDelegate.m; sourceTree = "<group>"; };
		340531D319CBE4EA00408C1B /* ViewController.h */ = {isa = PBXFileReference; lastKnownFileType = sourcecode.c.h; path = ViewController.h; sourceTree = "<group>"; };
		340531D419CBE4EA00408C1B /* ViewController.m */ = {isa = PBXFileReference; lastKnownFileType = sourcecode.c.objc; path = ViewController.m; sourceTree = "<group>"; };
		340531D719CBE4EA00408C1B /* Base */ = {isa = PBXFileReference; lastKnownFileType = file.storyboard; name = Base; path = Base.lproj/Main.storyboard; sourceTree = "<group>"; };
		340531D919CBE4EA00408C1B /* Images.xcassets */ = {isa = PBXFileReference; lastKnownFileType = folder.assetcatalog; path = Images.xcassets; sourceTree = "<group>"; };
		340531DC19CBE4EA00408C1B /* Base */ = {isa = PBXFileReference; lastKnownFileType = file.xib; name = Base; path = Base.lproj/LaunchScreen.xib; sourceTree = "<group>"; };
		340531E219CBE4EA00408C1B /* HodorBoardAppTests.xctest */ = {isa = PBXFileReference; explicitFileType = wrapper.cfbundle; includeInIndex = 0; path = HodorBoardAppTests.xctest; sourceTree = BUILT_PRODUCTS_DIR; };
		340531E719CBE4EA00408C1B /* Info.plist */ = {isa = PBXFileReference; lastKnownFileType = text.plist.xml; path = Info.plist; sourceTree = "<group>"; };
		340531E819CBE4EA00408C1B /* HodorBoardAppTests.m */ = {isa = PBXFileReference; lastKnownFileType = sourcecode.c.objc; path = HodorBoardAppTests.m; sourceTree = "<group>"; };
		340531F619CBE4FE00408C1B /* HodorBoard.appex */ = {isa = PBXFileReference; explicitFileType = "wrapper.app-extension"; includeInIndex = 0; path = HodorBoard.appex; sourceTree = BUILT_PRODUCTS_DIR; };
		340531F919CBE4FE00408C1B /* Info.plist */ = {isa = PBXFileReference; lastKnownFileType = text.plist.xml; path = Info.plist; sourceTree = "<group>"; };
		340531FA19CBE4FE00408C1B /* KeyboardViewController.h */ = {isa = PBXFileReference; lastKnownFileType = sourcecode.c.h; path = KeyboardViewController.h; sourceTree = "<group>"; };
		340531FB19CBE4FE00408C1B /* KeyboardViewController.m */ = {isa = PBXFileReference; lastKnownFileType = sourcecode.c.objc; path = KeyboardViewController.m; sourceTree = "<group>"; };
		34EEB2C719CCA93B0043E622 /* UIColor+MASystemColors.h */ = {isa = PBXFileReference; fileEncoding = 4; lastKnownFileType = sourcecode.c.h; name = "UIColor+MASystemColors.h"; path = "HodorBoardApp/UIColor+MASystemColors.h"; sourceTree = SOURCE_ROOT; };
		34EEB2C819CCA98A0043E622 /* UIColor+MASystemColors.m */ = {isa = PBXFileReference; fileEncoding = 4; lastKnownFileType = sourcecode.c.objc; name = "UIColor+MASystemColors.m"; path = "HodorBoardApp/UIColor+MASystemColors.m"; sourceTree = SOURCE_ROOT; };
		34EEB2CD19CCAF900043E622 /* Images.xcassets */ = {isa = PBXFileReference; lastKnownFileType = folder.assetcatalog; path = Images.xcassets; sourceTree = "<group>"; };
/* End PBXFileReference section */

/* Begin PBXFrameworksBuildPhase section */
		340531C619CBE4EA00408C1B /* Frameworks */ = {
			isa = PBXFrameworksBuildPhase;
			buildActionMask = 2147483647;
			files = (
			);
			runOnlyForDeploymentPostprocessing = 0;
		};
		340531DF19CBE4EA00408C1B /* Frameworks */ = {
			isa = PBXFrameworksBuildPhase;
			buildActionMask = 2147483647;
			files = (
			);
			runOnlyForDeploymentPostprocessing = 0;
		};
		340531F319CBE4FE00408C1B /* Frameworks */ = {
			isa = PBXFrameworksBuildPhase;
			buildActionMask = 2147483647;
			files = (
			);
			runOnlyForDeploymentPostprocessing = 0;
		};
/* End PBXFrameworksBuildPhase section */

/* Begin PBXGroup section */
		340531C019CBE4EA00408C1B = {
			isa = PBXGroup;
			children = (
				340531CB19CBE4EA00408C1B /* HodorBoardApp */,
				340531E519CBE4EA00408C1B /* HodorBoardAppTests */,
				340531F719CBE4FE00408C1B /* HodorBoard */,
				340531CA19CBE4EA00408C1B /* Products */,
			);
			sourceTree = "<group>";
		};
		340531CA19CBE4EA00408C1B /* Products */ = {
			isa = PBXGroup;
			children = (
				340531C919CBE4EA00408C1B /* HodorBoardApp.app */,
				340531E219CBE4EA00408C1B /* HodorBoardAppTests.xctest */,
				340531F619CBE4FE00408C1B /* HodorBoard.appex */,
			);
			name = Products;
			sourceTree = "<group>";
		};
		340531CB19CBE4EA00408C1B /* HodorBoardApp */ = {
			isa = PBXGroup;
			children = (
				340531D019CBE4EA00408C1B /* AppDelegate.h */,
				340531D119CBE4EA00408C1B /* AppDelegate.m */,
				340531D319CBE4EA00408C1B /* ViewController.h */,
				340531D419CBE4EA00408C1B /* ViewController.m */,
				340531D619CBE4EA00408C1B /* Main.storyboard */,
				340531D919CBE4EA00408C1B /* Images.xcassets */,
				340531DB19CBE4EA00408C1B /* LaunchScreen.xib */,
				340531CC19CBE4EA00408C1B /* Supporting Files */,
			);
			path = HodorBoardApp;
			sourceTree = "<group>";
		};
		340531CC19CBE4EA00408C1B /* Supporting Files */ = {
			isa = PBXGroup;
			children = (
				340531CD19CBE4EA00408C1B /* Info.plist */,
				340531CE19CBE4EA00408C1B /* main.m */,
			);
			name = "Supporting Files";
			sourceTree = "<group>";
		};
		340531E519CBE4EA00408C1B /* HodorBoardAppTests */ = {
			isa = PBXGroup;
			children = (
				340531E819CBE4EA00408C1B /* HodorBoardAppTests.m */,
				340531E619CBE4EA00408C1B /* Supporting Files */,
			);
			path = HodorBoardAppTests;
			sourceTree = "<group>";
		};
		340531E619CBE4EA00408C1B /* Supporting Files */ = {
			isa = PBXGroup;
			children = (
				340531E719CBE4EA00408C1B /* Info.plist */,
			);
			name = "Supporting Files";
			sourceTree = "<group>";
		};
		340531F719CBE4FE00408C1B /* HodorBoard */ = {
			isa = PBXGroup;
			children = (
				34EEB2C719CCA93B0043E622 /* UIColor+MASystemColors.h */,
				34EEB2C819CCA98A0043E622 /* UIColor+MASystemColors.m */,
				340531FA19CBE4FE00408C1B /* KeyboardViewController.h */,
				340531FB19CBE4FE00408C1B /* KeyboardViewController.m */,
				340531F819CBE4FE00408C1B /* Supporting Files */,
				34EEB2CD19CCAF900043E622 /* Images.xcassets */,
			);
			path = HodorBoard;
			sourceTree = "<group>";
		};
		340531F819CBE4FE00408C1B /* Supporting Files */ = {
			isa = PBXGroup;
			children = (
				340531F919CBE4FE00408C1B /* Info.plist */,
			);
			name = "Supporting Files";
			sourceTree = "<group>";
		};
/* End PBXGroup section */

/* Begin PBXNativeTarget section */
		340531C819CBE4EA00408C1B /* HodorBoardApp */ = {
			isa = PBXNativeTarget;
			buildConfigurationList = 340531EC19CBE4EA00408C1B /* Build configuration list for PBXNativeTarget "HodorBoardApp" */;
			buildPhases = (
				340531C519CBE4EA00408C1B /* Sources */,
				340531C619CBE4EA00408C1B /* Frameworks */,
				340531C719CBE4EA00408C1B /* Resources */,
				3405320519CBE4FE00408C1B /* Embed App Extensions */,
			);
			buildRules = (
			);
			dependencies = (
				340531FE19CBE4FE00408C1B /* PBXTargetDependency */,
				3405320119CBE4FE00408C1B /* PBXTargetDependency */,
			);
			name = HodorBoardApp;
			productName = HodorBoardApp;
			productReference = 340531C919CBE4EA00408C1B /* HodorBoardApp.app */;
			productType = "com.apple.product-type.application";
		};
		340531E119CBE4EA00408C1B /* HodorBoardAppTests */ = {
			isa = PBXNativeTarget;
			buildConfigurationList = 340531EF19CBE4EA00408C1B /* Build configuration list for PBXNativeTarget "HodorBoardAppTests" */;
			buildPhases = (
				340531DE19CBE4EA00408C1B /* Sources */,
				340531DF19CBE4EA00408C1B /* Frameworks */,
				340531E019CBE4EA00408C1B /* Resources */,
			);
			buildRules = (
			);
			dependencies = (
				340531E419CBE4EA00408C1B /* PBXTargetDependency */,
			);
			name = HodorBoardAppTests;
			productName = HodorBoardAppTests;
			productReference = 340531E219CBE4EA00408C1B /* HodorBoardAppTests.xctest */;
			productType = "com.apple.product-type.bundle.unit-test";
		};
		340531F519CBE4FE00408C1B /* HodorBoard */ = {
			isa = PBXNativeTarget;
			buildConfigurationList = 3405320219CBE4FE00408C1B /* Build configuration list for PBXNativeTarget "HodorBoard" */;
			buildPhases = (
				340531F219CBE4FE00408C1B /* Sources */,
				340531F319CBE4FE00408C1B /* Frameworks */,
				340531F419CBE4FE00408C1B /* Resources */,
			);
			buildRules = (
			);
			dependencies = (
			);
			name = HodorBoard;
			productName = HodorBoard;
			productReference = 340531F619CBE4FE00408C1B /* HodorBoard.appex */;
			productType = "com.apple.product-type.app-extension";
		};
/* End PBXNativeTarget section */

/* Begin PBXProject section */
		340531C119CBE4EA00408C1B /* Project object */ = {
			isa = PBXProject;
			attributes = {
				LastUpgradeCheck = 0600;
				ORGANIZATIONNAME = "Matthew Andersen";
				TargetAttributes = {
					340531C819CBE4EA00408C1B = {
						CreatedOnToolsVersion = 6.0;
						DevelopmentTeam = 55SXVJ6VFK;
					};
					340531E119CBE4EA00408C1B = {
						CreatedOnToolsVersion = 6.0;
						TestTargetID = 340531C819CBE4EA00408C1B;
					};
					340531F519CBE4FE00408C1B = {
						CreatedOnToolsVersion = 6.0;
						DevelopmentTeam = 55SXVJ6VFK;
					};
				};
			};
			buildConfigurationList = 340531C419CBE4EA00408C1B /* Build configuration list for PBXProject "HodorBoardApp" */;
			compatibilityVersion = "Xcode 3.2";
			developmentRegion = English;
			hasScannedForEncodings = 0;
			knownRegions = (
				en,
				Base,
			);
			mainGroup = 340531C019CBE4EA00408C1B;
			productRefGroup = 340531CA19CBE4EA00408C1B /* Products */;
			projectDirPath = "";
			projectRoot = "";
			targets = (
				340531C819CBE4EA00408C1B /* HodorBoardApp */,
				340531E119CBE4EA00408C1B /* HodorBoardAppTests */,
				340531F519CBE4FE00408C1B /* HodorBoard */,
			);
		};
/* End PBXProject section */

/* Begin PBXResourcesBuildPhase section */
		340531C719CBE4EA00408C1B /* Resources */ = {
			isa = PBXResourcesBuildPhase;
			buildActionMask = 2147483647;
			files = (
				340531D819CBE4EA00408C1B /* Main.storyboard in Resources */,
				340531DD19CBE4EA00408C1B /* LaunchScreen.xib in Resources */,
				340531DA19CBE4EA00408C1B /* Images.xcassets in Resources */,
			);
			runOnlyForDeploymentPostprocessing = 0;
		};
		340531E019CBE4EA00408C1B /* Resources */ = {
			isa = PBXResourcesBuildPhase;
			buildActionMask = 2147483647;
			files = (
			);
			runOnlyForDeploymentPostprocessing = 0;
		};
		340531F419CBE4FE00408C1B /* Resources */ = {
			isa = PBXResourcesBuildPhase;
			buildActionMask = 2147483647;
			files = (
				34EEB2CE19CCAF900043E622 /* Images.xcassets in Resources */,
			);
			runOnlyForDeploymentPostprocessing = 0;
		};
/* End PBXResourcesBuildPhase section */

/* Begin PBXSourcesBuildPhase section */
		340531C519CBE4EA00408C1B /* Sources */ = {
			isa = PBXSourcesBuildPhase;
			buildActionMask = 2147483647;
			files = (
				340531D519CBE4EA00408C1B /* ViewController.m in Sources */,
				340531D219CBE4EA00408C1B /* AppDelegate.m in Sources */,
				340531CF19CBE4EA00408C1B /* main.m in Sources */,
			);
			runOnlyForDeploymentPostprocessing = 0;
		};
		340531DE19CBE4EA00408C1B /* Sources */ = {
			isa = PBXSourcesBuildPhase;
			buildActionMask = 2147483647;
			files = (
				340531E919CBE4EA00408C1B /* HodorBoardAppTests.m in Sources */,
			);
			runOnlyForDeploymentPostprocessing = 0;
		};
		340531F219CBE4FE00408C1B /* Sources */ = {
			isa = PBXSourcesBuildPhase;
			buildActionMask = 2147483647;
			files = (
				34EEB2CA19CCAAF30043E622 /* UIColor+MASystemColors.m in Sources */,
				340531FC19CBE4FE00408C1B /* KeyboardViewController.m in Sources */,
			);
			runOnlyForDeploymentPostprocessing = 0;
		};
/* End PBXSourcesBuildPhase section */

/* Begin PBXTargetDependency section */
		340531E419CBE4EA00408C1B /* PBXTargetDependency */ = {
			isa = PBXTargetDependency;
			target = 340531C819CBE4EA00408C1B /* HodorBoardApp */;
			targetProxy = 340531E319CBE4EA00408C1B /* PBXContainerItemProxy */;
		};
		340531FE19CBE4FE00408C1B /* PBXTargetDependency */ = {
			isa = PBXTargetDependency;
			target = 340531F519CBE4FE00408C1B /* HodorBoard */;
			targetProxy = 340531FD19CBE4FE00408C1B /* PBXContainerItemProxy */;
		};
		3405320119CBE4FE00408C1B /* PBXTargetDependency */ = {
			isa = PBXTargetDependency;
			target = 340531F519CBE4FE00408C1B /* HodorBoard */;
			targetProxy = 3405320019CBE4FE00408C1B /* PBXContainerItemProxy */;
		};
/* End PBXTargetDependency section */

/* Begin PBXVariantGroup section */
		340531D619CBE4EA00408C1B /* Main.storyboard */ = {
			isa = PBXVariantGroup;
			children = (
				340531D719CBE4EA00408C1B /* Base */,
			);
			name = Main.storyboard;
			sourceTree = "<group>";
		};
		340531DB19CBE4EA00408C1B /* LaunchScreen.xib */ = {
			isa = PBXVariantGroup;
			children = (
				340531DC19CBE4EA00408C1B /* Base */,
			);
			name = LaunchScreen.xib;
			sourceTree = "<group>";
		};
/* End PBXVariantGroup section */

/* Begin XCBuildConfiguration section */
		340531EA19CBE4EA00408C1B /* Debug */ = {
			isa = XCBuildConfiguration;
			buildSettings = {
				ALWAYS_SEARCH_USER_PATHS = NO;
				CLANG_CXX_LANGUAGE_STANDARD = "gnu++0x";
				CLANG_CXX_LIBRARY = "libc++";
				CLANG_ENABLE_MODULES = YES;
				CLANG_ENABLE_OBJC_ARC = YES;
				CLANG_WARN_BOOL_CONVERSION = YES;
				CLANG_WARN_CONSTANT_CONVERSION = YES;
				CLANG_WARN_DIRECT_OBJC_ISA_USAGE = YES_ERROR;
				CLANG_WARN_EMPTY_BODY = YES;
				CLANG_WARN_ENUM_CONVERSION = YES;
				CLANG_WARN_INT_CONVERSION = YES;
				CLANG_WARN_OBJC_ROOT_CLASS = YES_ERROR;
				CLANG_WARN_UNREACHABLE_CODE = YES;
				CLANG_WARN__DUPLICATE_METHOD_MATCH = YES;
				"CODE_SIGN_IDENTITY[sdk=iphoneos*]" = "iPhone Developer";
				COPY_PHASE_STRIP = NO;
				ENABLE_STRICT_OBJC_MSGSEND = YES;
				GCC_C_LANGUAGE_STANDARD = gnu99;
				GCC_DYNAMIC_NO_PIC = NO;
				GCC_OPTIMIZATION_LEVEL = 0;
				GCC_PREPROCESSOR_DEFINITIONS = (
					"DEBUG=1",
					"$(inherited)",
				);
				GCC_SYMBOLS_PRIVATE_EXTERN = NO;
				GCC_WARN_64_TO_32_BIT_CONVERSION = YES;
				GCC_WARN_ABOUT_RETURN_TYPE = YES_ERROR;
				GCC_WARN_UNDECLARED_SELECTOR = YES;
				GCC_WARN_UNINITIALIZED_AUTOS = YES_AGGRESSIVE;
				GCC_WARN_UNUSED_FUNCTION = YES;
				GCC_WARN_UNUSED_VARIABLE = YES;
				IPHONEOS_DEPLOYMENT_TARGET = 8.0;
				MTL_ENABLE_DEBUG_INFO = YES;
				ONLY_ACTIVE_ARCH = YES;
				SDKROOT = iphoneos;
				TARGETED_DEVICE_FAMILY = "1,2";
			};
			name = Debug;
		};
		340531EB19CBE4EA00408C1B /* Release */ = {
			isa = XCBuildConfiguration;
			buildSettings = {
				ALWAYS_SEARCH_USER_PATHS = NO;
				CLANG_CXX_LANGUAGE_STANDARD = "gnu++0x";
				CLANG_CXX_LIBRARY = "libc++";
				CLANG_ENABLE_MODULES = YES;
				CLANG_ENABLE_OBJC_ARC = YES;
				CLANG_WARN_BOOL_CONVERSION = YES;
				CLANG_WARN_CONSTANT_CONVERSION = YES;
				CLANG_WARN_DIRECT_OBJC_ISA_USAGE = YES_ERROR;
				CLANG_WARN_EMPTY_BODY = YES;
				CLANG_WARN_ENUM_CONVERSION = YES;
				CLANG_WARN_INT_CONVERSION = YES;
				CLANG_WARN_OBJC_ROOT_CLASS = YES_ERROR;
				CLANG_WARN_UNREACHABLE_CODE = YES;
				CLANG_WARN__DUPLICATE_METHOD_MATCH = YES;
				"CODE_SIGN_IDENTITY[sdk=iphoneos*]" = "iPhone Developer";
				COPY_PHASE_STRIP = YES;
				ENABLE_NS_ASSERTIONS = NO;
				ENABLE_STRICT_OBJC_MSGSEND = YES;
				GCC_C_LANGUAGE_STANDARD = gnu99;
				GCC_WARN_64_TO_32_BIT_CONVERSION = YES;
				GCC_WARN_ABOUT_RETURN_TYPE = YES_ERROR;
				GCC_WARN_UNDECLARED_SELECTOR = YES;
				GCC_WARN_UNINITIALIZED_AUTOS = YES_AGGRESSIVE;
				GCC_WARN_UNUSED_FUNCTION = YES;
				GCC_WARN_UNUSED_VARIABLE = YES;
				IPHONEOS_DEPLOYMENT_TARGET = 8.0;
				MTL_ENABLE_DEBUG_INFO = NO;
				SDKROOT = iphoneos;
				TARGETED_DEVICE_FAMILY = "1,2";
				VALIDATE_PRODUCT = YES;
			};
			name = Release;
		};
		340531ED19CBE4EA00408C1B /* Debug */ = {
			isa = XCBuildConfiguration;
			buildSettings = {
				ASSETCATALOG_COMPILER_APPICON_NAME = AppIcon;
				CODE_SIGN_IDENTITY = "iPhone Developer";
				INFOPLIST_FILE = HodorBoardApp/Info.plist;
				LD_RUNPATH_SEARCH_PATHS = "$(inherited) @executable_path/Frameworks";
				PRODUCT_NAME = "$(TARGET_NAME)";
			};
			name = Debug;
		};
		340531EE19CBE4EA00408C1B /* Release */ = {
			isa = XCBuildConfiguration;
			buildSettings = {
				ASSETCATALOG_COMPILER_APPICON_NAME = AppIcon;
				CODE_SIGN_IDENTITY = "iPhone Developer";
				INFOPLIST_FILE = HodorBoardApp/Info.plist;
				LD_RUNPATH_SEARCH_PATHS = "$(inherited) @executable_path/Frameworks";
				PRODUCT_NAME = "$(TARGET_NAME)";
			};
			name = Release;
		};
		340531F019CBE4EA00408C1B /* Debug */ = {
			isa = XCBuildConfiguration;
			buildSettings = {
				BUNDLE_LOADER = "$(TEST_HOST)";
				FRAMEWORK_SEARCH_PATHS = (
					"$(SDKROOT)/Developer/Library/Frameworks",
					"$(inherited)",
				);
				GCC_PREPROCESSOR_DEFINITIONS = (
					"DEBUG=1",
					"$(inherited)",
				);
				INFOPLIST_FILE = HodorBoardAppTests/Info.plist;
				LD_RUNPATH_SEARCH_PATHS = "$(inherited) @executable_path/Frameworks @loader_path/Frameworks";
				PRODUCT_NAME = "$(TARGET_NAME)";
				TEST_HOST = "$(BUILT_PRODUCTS_DIR)/HodorBoardApp.app/HodorBoardApp";
			};
			name = Debug;
		};
		340531F119CBE4EA00408C1B /* Release */ = {
			isa = XCBuildConfiguration;
			buildSettings = {
				BUNDLE_LOADER = "$(TEST_HOST)";
				FRAMEWORK_SEARCH_PATHS = (
					"$(SDKROOT)/Developer/Library/Frameworks",
					"$(inherited)",
				);
				INFOPLIST_FILE = HodorBoardAppTests/Info.plist;
				LD_RUNPATH_SEARCH_PATHS = "$(inherited) @executable_path/Frameworks @loader_path/Frameworks";
				PRODUCT_NAME = "$(TARGET_NAME)";
				TEST_HOST = "$(BUILT_PRODUCTS_DIR)/HodorBoardApp.app/HodorBoardApp";
			};
			name = Release;
		};
		3405320319CBE4FE00408C1B /* Debug */ = {
			isa = XCBuildConfiguration;
			buildSettings = {
				CODE_SIGN_IDENTITY = "iPhone Developer";
				GCC_PREPROCESSOR_DEFINITIONS = (
					"DEBUG=1",
					"$(inherited)",
				);
				INFOPLIST_FILE = HodorBoard/Info.plist;
				LD_RUNPATH_SEARCH_PATHS = "$(inherited) @executable_path/Frameworks @executable_path/../../Frameworks";
				PRODUCT_NAME = "$(TARGET_NAME)";
				SKIP_INSTALL = YES;
			};
			name = Debug;
		};
		3405320419CBE4FE00408C1B /* Release */ = {
			isa = XCBuildConfiguration;
			buildSettings = {
				CODE_SIGN_IDENTITY = "iPhone Developer";
				INFOPLIST_FILE = HodorBoard/Info.plist;
				LD_RUNPATH_SEARCH_PATHS = "$(inherited) @executable_path/Frameworks @executable_path/../../Frameworks";
				PRODUCT_NAME = "$(TARGET_NAME)";
				SKIP_INSTALL = YES;
			};
			name = Release;
		};
/* End XCBuildConfiguration section */

/* Begin XCConfigurationList section */
		340531C419CBE4EA00408C1B /* Build configuration list for PBXProject "HodorBoardApp" */ = {
			isa = XCConfigurationList;
			buildConfigurations = (
				340531EA19CBE4EA00408C1B /* Debug */,
				340531EB19CBE4EA00408C1B /* Release */,
			);
			defaultConfigurationIsVisible = 0;
			defaultConfigurationName = Release;
		};
		340531EC19CBE4EA00408C1B /* Build configuration list for PBXNativeTarget "HodorBoardApp" */ = {
			isa = XCConfigurationList;
			buildConfigurations = (
				340531ED19CBE4EA00408C1B /* Debug */,
				340531EE19CBE4EA00408C1B /* Release */,
			);
			defaultConfigurationIsVisible = 0;
			defaultConfigurationName = Release;
		};
		340531EF19CBE4EA00408C1B /* Build configuration list for PBXNativeTarget "HodorBoardAppTests" */ = {
			isa = XCConfigurationList;
			buildConfigurations = (
				340531F019CBE4EA00408C1B /* Debug */,
				340531F119CBE4EA00408C1B /* Release */,
			);
			defaultConfigurationIsVisible = 0;
			defaultConfigurationName = Release;
		};
		3405320219CBE4FE00408C1B /* Build configuration list for PBXNativeTarget "HodorBoard" */ = {
			isa = XCConfigurationList;
			buildConfigurations = (
				3405320319CBE4FE00408C1B /* Debug */,
				3405320419CBE4FE00408C1B /* Release */,
			);
			defaultConfigurationIsVisible = 0;
			defaultConfigurationName = Release;
		};
/* End XCConfigurationList section */
	};
	rootObject = 340531C119CBE4EA00408C1B /* Project object */;
}
